
Microsoft Visual Studio Solution File, Format Version 12.00
# Visual Studio Version 17
VisualStudioVersion = 17.6.33815.320
MinimumVisualStudioVersion = 10.0.40219.1
Project("{FAE04EC0-301F-11D3-BF4B-00C04F79EFBC}") = "Flappy bird", "Flappy bird\Flappy bird.csproj", "{0EFC43AE-59FA-4265-AB39-581F7F393A59}"
EndProject
Global
	GlobalSection(SolutionConfigurationPlatforms) = preSolution
		Debug|Any CPU = Debug|Any CPU
		Release|Any CPU = Release|Any CPU
	EndGlobalSection
	GlobalSection(ProjectConfigurationPlatforms) = postSolution
		{0EFC43AE-59FA-4265-AB39-581F7F393A59}.Debug|Any CPU.ActiveCfg = Debug|Any CPU
		{0EFC43AE-59FA-4265-AB39-581F7F393A59}.Debug|Any CPU.Build.0 = Debug|Any CPU
		{0EFC43AE-59FA-4265-AB39-581F7F393A59}.Release|Any CPU.ActiveCfg = Release|Any CPU
		{0EFC43AE-59FA-4265-AB39-581F7F393A59}.Release|Any CPU.Build.0 = Release|Any CPU
	EndGlobalSection
	GlobalSection(SolutionProperties) = preSolution
		HideSolutionNode = FALSE
	EndGlobalSection
	GlobalSection(ExtensibilityGlobals) = postSolution
		SolutionGuid = {654C8AE4-FC81-4863-82BC-28941E2CCA60}
	EndGlobalSection
EndGlobal
